
Microsoft Visual Studio Solution File, Format Version 12.00
# Visual Studio Version 16
VisualStudioVersion = 16.0.29806.167
MinimumVisualStudioVersion = 10.0.40219.1
Project("{8BC9CEB8-8B4A-11D0-8D11-00A0C91BC942}") = "RODS", "RODS\RODS.vcxproj", "{83EC6A93-9284-4755-A5C0-2EF681B1432C}"
EndProject
Project("{8BC9CEB8-8B4A-11D0-8D11-00A0C91BC942}") = "example", "example\example.vcxproj", "{8D922E2A-DA76-447E-BB04-397F92A6EEAF}"
	ProjectSection(ProjectDependencies) = postProject
		{83EC6A93-9284-4755-A5C0-2EF681B1432C} = {83EC6A93-9284-4755-A5C0-2EF681B1432C}
	EndProjectSection
EndProject
Project("{8BC9CEB8-8B4A-11D0-8D11-00A0C91BC942}") = "RODS_GUI", "RODS_GUI\RODS_GUI.vcxproj", "{7BC109E4-43C7-4ECE-A136-344D24C912BD}"
	ProjectSection(ProjectDependencies) = postProject
		{83EC6A93-9284-4755-A5C0-2EF681B1432C} = {83EC6A93-9284-4755-A5C0-2EF681B1432C}
	EndProjectSection
EndProject
Global
	GlobalSection(SolutionConfigurationPlatforms) = preSolution
		Debug|x64 = Debug|x64
		Debug|x86 = Debug|x86
		DLLDebug|x64 = DLLDebug|x64
		DLLDebug|x86 = DLLDebug|x86
		DLLRelease|x64 = DLLRelease|x64
		DLLRelease|x86 = DLLRelease|x86
		Release|x64 = Release|x64
		Release|x86 = Release|x86
	EndGlobalSection
	GlobalSection(ProjectConfigurationPlatforms) = postSolution
		{83EC6A93-9284-4755-A5C0-2EF681B1432C}.Debug|x64.ActiveCfg = Debug|x64
		{83EC6A93-9284-4755-A5C0-2EF681B1432C}.Debug|x64.Build.0 = Debug|x64
		{83EC6A93-9284-4755-A5C0-2EF681B1432C}.Debug|x86.ActiveCfg = Debug|Win32
		{83EC6A93-9284-4755-A5C0-2EF681B1432C}.Debug|x86.Build.0 = Debug|Win32
		{83EC6A93-9284-4755-A5C0-2EF681B1432C}.DLLDebug|x64.ActiveCfg = DLLDebug|x64
		{83EC6A93-9284-4755-A5C0-2EF681B1432C}.DLLDebug|x64.Build.0 = DLLDebug|x64
		{83EC6A93-9284-4755-A5C0-2EF681B1432C}.DLLDebug|x86.ActiveCfg = DLLDebug|Win32
		{83EC6A93-9284-4755-A5C0-2EF681B1432C}.DLLDebug|x86.Build.0 = DLLDebug|Win32
		{83EC6A93-9284-4755-A5C0-2EF681B1432C}.DLLRelease|x64.ActiveCfg = DLLRelease|x64
		{83EC6A93-9284-4755-A5C0-2EF681B1432C}.DLLRelease|x64.Build.0 = DLLRelease|x64
		{83EC6A93-9284-4755-A5C0-2EF681B1432C}.DLLRelease|x86.ActiveCfg = DLLRelease|Win32
		{83EC6A93-9284-4755-A5C0-2EF681B1432C}.DLLRelease|x86.Build.0 = DLLRelease|Win32
		{83EC6A93-9284-4755-A5C0-2EF681B1432C}.Release|x64.ActiveCfg = Release|x64
		{83EC6A93-9284-4755-A5C0-2EF681B1432C}.Release|x64.Build.0 = Release|x64
		{83EC6A93-9284-4755-A5C0-2EF681B1432C}.Release|x86.ActiveCfg = Release|Win32
		{83EC6A93-9284-4755-A5C0-2EF681B1432C}.Release|x86.Build.0 = Release|Win32
		{8D922E2A-DA76-447E-BB04-397F92A6EEAF}.Debug|x64.ActiveCfg = Debug|x64
		{8D922E2A-DA76-447E-BB04-397F92A6EEAF}.Debug|x86.ActiveCfg = Debug|Win32
		{8D922E2A-DA76-447E-BB04-397F92A6EEAF}.Debug|x86.Build.0 = Debug|Win32
		{8D922E2A-DA76-447E-BB04-397F92A6EEAF}.DLLDebug|x64.ActiveCfg = Debug|x64
		{8D922E2A-DA76-447E-BB04-397F92A6EEAF}.DLLDebug|x64.Build.0 = Debug|x64
		{8D922E2A-DA76-447E-BB04-397F92A6EEAF}.DLLDebug|x86.ActiveCfg = Debug|Win32
		{8D922E2A-DA76-447E-BB04-397F92A6EEAF}.DLLDebug|x86.Build.0 = Debug|Win32
		{8D922E2A-DA76-447E-BB04-397F92A6EEAF}.DLLRelease|x64.ActiveCfg = Release|x64
		{8D922E2A-DA76-447E-BB04-397F92A6EEAF}.DLLRelease|x86.ActiveCfg = Release|Win32
		{8D922E2A-DA76-447E-BB04-397F92A6EEAF}.DLLRelease|x86.Build.0 = Release|Win32
		{8D922E2A-DA76-447E-BB04-397F92A6EEAF}.Release|x64.ActiveCfg = Release|x64
		{8D922E2A-DA76-447E-BB04-397F92A6EEAF}.Release|x86.ActiveCfg = Release|Win32
		{8D922E2A-DA76-447E-BB04-397F92A6EEAF}.Release|x86.Build.0 = Release|Win32
		{7BC109E4-43C7-4ECE-A136-344D24C912BD}.Debug|x64.ActiveCfg = Debug|x64
		{7BC109E4-43C7-4ECE-A136-344D24C912BD}.Debug|x64.Build.0 = Debug|x64
		{7BC109E4-43C7-4ECE-A136-344D24C912BD}.Debug|x86.ActiveCfg = Debug|Win32
		{7BC109E4-43C7-4ECE-A136-344D24C912BD}.Debug|x86.Build.0 = Debug|Win32
		{7BC109E4-43C7-4ECE-A136-344D24C912BD}.DLLDebug|x64.ActiveCfg = Debug|x64
		{7BC109E4-43C7-4ECE-A136-344D24C912BD}.DLLDebug|x64.Build.0 = Debug|x64
		{7BC109E4-43C7-4ECE-A136-344D24C912BD}.DLLDebug|x86.ActiveCfg = Debug|Win32
		{7BC109E4-43C7-4ECE-A136-344D24C912BD}.DLLDebug|x86.Build.0 = Debug|Win32
		{7BC109E4-43C7-4ECE-A136-344D24C912BD}.DLLRelease|x64.ActiveCfg = Release|x64
		{7BC109E4-43C7-4ECE-A136-344D24C912BD}.DLLRelease|x64.Build.0 = Release|x64
		{7BC109E4-43C7-4ECE-A136-344D24C912BD}.DLLRelease|x86.ActiveCfg = Release|Win32
		{7BC109E4-43C7-4ECE-A136-344D24C912BD}.DLLRelease|x86.Build.0 = Release|Win32
		{7BC109E4-43C7-4ECE-A136-344D24C912BD}.Release|x64.ActiveCfg = Release|x64
		{7BC109E4-43C7-4ECE-A136-344D24C912BD}.Release|x64.Build.0 = Release|x64
		{7BC109E4-43C7-4ECE-A136-344D24C912BD}.Release|x86.ActiveCfg = Release|Win32
		{7BC109E4-43C7-4ECE-A136-344D24C912BD}.Release|x86.Build.0 = Release|Win32
	EndGlobalSection
	GlobalSection(SolutionProperties) = preSolution
		HideSolutionNode = FALSE
	EndGlobalSection
	GlobalSection(ExtensibilityGlobals) = postSolution
		SolutionGuid = {28E8E59B-34A6-4B16-98EB-699B550040BE}
	EndGlobalSection
EndGlobal
