<?xml version="1.0" encoding="utf-8"?>
<Project ToolsVersion="4.0" xmlns="http://schemas.microsoft.com/developer/msbuild/2003">
  <ItemGroup>
    <Filter Include="Source Files">
      <UniqueIdentifier>{4FC737F1-C7A5-4376-A066-2A32D752A2FF}</UniqueIdentifier>
      <Extensions>cpp;c;cc;cxx;def;odl;idl;hpj;bat;asm;asmx</Extensions>
    </Filter>
    <Filter Include="Header Files">
      <UniqueIdentifier>{93995380-89BD-4b04-88EB-625FBE52EBFB}</UniqueIdentifier>
      <Extensions>h;hh;hpp;hxx;hm;inl;inc;ipp;xsd</Extensions>
    </Filter>
  </ItemGroup>
  <ItemGroup>
    <ClCompile Include="material\SMABilinear.cpp">
      <Filter>Source Files</Filter>
    </ClCompile>
    <ClCompile Include="element\dashpot.cpp">
      <Filter>Source Files</Filter>
    </ClCompile>
    <ClCompile Include="element\dashpotExp.cpp">
      <Filter>Source Files</Filter>
    </ClCompile>
    <ClCompile Include="element\inerter.cpp">
      <Filter>Source Files</Filter>
    </ClCompile>
    <ClCompile Include="element\spis2.cpp">
      <Filter>Source Files</Filter>
    </ClCompile>
    <ClCompile Include="element\spring2D.cpp">
      <Filter>Source Files</Filter>
    </ClCompile>
    <ClCompile Include="element\springBilinear.cpp">
      <Filter>Source Files</Filter>
    </ClCompile>
    <ClCompile Include="element\springBoucWen.cpp">
      <Filter>Source Files</Filter>
    </ClCompile>
    <ClCompile Include="element\springNonlinear.cpp">
      <Filter>Source Files</Filter>
    </ClCompile>
    <ClCompile Include="recorder\dofRecorder.cpp">
      <Filter>Source Files</Filter>
    </ClCompile>
    <ClCompile Include="recorder\elementRecorder.cpp">
      <Filter>Source Files</Filter>
    </ClCompile>
    <ClCompile Include="element\inerter2D.cpp">
      <Filter>Source Files</Filter>
    </ClCompile>
    <ClCompile Include="element\dashpot2D.cpp">
      <Filter>Source Files</Filter>
    </ClCompile>
    <ClCompile Include="element\dashpotMaxwell.cpp">
      <Filter>Source Files</Filter>
    </ClCompile>
    <ClCompile Include="element\TVMD.cpp">
      <Filter>Source Files</Filter>
    </ClCompile>
    <ClCompile Include="element\dashpotExp2D.cpp">
      <Filter>Source Files</Filter>
    </ClCompile>
    <ClCompile Include="element\dashpotMaxwell2D.cpp">
      <Filter>Source Files</Filter>
    </ClCompile>
    <ClCompile Include="element\springBoucWen2D.cpp">
      <Filter>Source Files</Filter>
    </ClCompile>
    <ClCompile Include="main.cpp">
      <Filter>Source Files</Filter>
    </ClCompile>
    <ClCompile Include="RODS.cpp">
      <Filter>Source Files</Filter>
    </ClCompile>
    <ClCompile Include="Basis.cpp">
      <Filter>Source Files</Filter>
    </ClCompile>
    <ClCompile Include="DynamicSystem.cpp">
      <Filter>Source Files</Filter>
    </ClCompile>
    <ClCompile Include="element\Quad4Elastic.cpp">
      <Filter>Source Files</Filter>
    </ClCompile>
    <ClCompile Include="section\Fiber.cpp">
      <Filter>Source Files</Filter>
    </ClCompile>
    <ClCompile Include="element\Truss2D.cpp">
      <Filter>Source Files</Filter>
    </ClCompile>
    <ClCompile Include="section\SectionTruss.cpp">
      <Filter>Source Files</Filter>
    </ClCompile>
    <ClCompile Include="element\FrameElastic2D.cpp">
      <Filter>Source Files</Filter>
    </ClCompile>
    <ClCompile Include="section\SectionFrame2D.cpp">
      <Filter>Source Files</Filter>
    </ClCompile>
    <ClCompile Include="element\Frame2D.cpp">
      <Filter>Source Files</Filter>
    </ClCompile>
    <ClCompile Include="Load.cpp">
      <Filter>Source Files</Filter>
    </ClCompile>
    <ClCompile Include="element\FramePDelta2D.cpp">
      <Filter>Source Files</Filter>
    </ClCompile>
    <ClCompile Include="DOF.cpp">
      <Filter>Source Files</Filter>
    </ClCompile>
    <ClCompile Include="Node.cpp">
      <Filter>Source Files</Filter>
    </ClCompile>
    <ClCompile Include="element\Element.cpp">
      <Filter>Source Files</Filter>
    </ClCompile>
    <ClCompile Include="material\Material.cpp">
      <Filter>Source Files</Filter>
    </ClCompile>
    <ClCompile Include="section\Section.cpp">
      <Filter>Source Files</Filter>
    </ClCompile>
    <ClCompile Include="material\Material1D.cpp">
      <Filter>Source Files</Filter>
    </ClCompile>
    <ClCompile Include="material\Elastoplastic.cpp">
      <Filter>Source Files</Filter>
    </ClCompile>
    <ClCompile Include="recorder\Recorder.cpp">
      <Filter>Source Files</Filter>
    </ClCompile>
    <ClCompile Include="element\Slider.cpp">
      <Filter>Source Files</Filter>
    </ClCompile>
    <ClCompile Include="Line.cpp">
      <Filter>Source Files</Filter>
    </ClCompile>
    <ClCompile Include="element\Spring.cpp">
      <Filter>Source Files</Filter>
    </ClCompile>
    <ClCompile Include="element\TrussElastic2D.cpp">
      <Filter>Source Files</Filter>
    </ClCompile>
    <ClCompile Include="material\ConcreteTrilinear.cpp">
      <Filter>Source Files</Filter>
    </ClCompile>
    <ClCompile Include="material\SteelBilinear.cpp">
      <Filter>Source Files</Filter>
    </ClCompile>
    <ClCompile Include="material\Elastic.cpp">
      <Filter>Source Files</Filter>
    </ClCompile>
    <ClCompile Include="Wave.cpp">
      <Filter>Source Files</Filter>
    </ClCompile>
    <ClCompile Include="element\SpringNonlinear2D.cpp">
      <Filter>Source Files</Filter>
    </ClCompile>
    <ClCompile Include="element\SpringBilinear2D.cpp">
      <Filter>Source Files</Filter>
    </ClCompile>
    <ClCompile Include="element\BeamElastic2D.cpp">
      <Filter>Source Files</Filter>
    </ClCompile>
    <ClCompile Include="element\Slider2D.cpp">
      <Filter>Source Files</Filter>
    </ClCompile>
    <ClCompile Include="material\CyclicHardenTrilinear.cpp">
      <Filter>Source Files</Filter>
    </ClCompile>
    <ClCompile Include="element\FrameElastic3D.cpp">
      <Filter>Source Files</Filter>
    </ClCompile>
    <ClCompile Include="element\Quad2D.cpp">
      <Filter>Source Files</Filter>
    </ClCompile>
    <ClCompile Include="element\Plane2D.cpp">
      <Filter>Header Files</Filter>
    </ClCompile>
    <ClCompile Include="element\Tri2D.cpp">
      <Filter>Source Files</Filter>
    </ClCompile>
    <ClCompile Include="element\Tri3Elastic.cpp">
      <Filter>Source Files</Filter>
    </ClCompile>
    <ClCompile Include="element\Rect4Elastic.cpp">
      <Filter>Source Files</Filter>
    </ClCompile>
    <ClCompile Include="element\Plate4Elastic.cpp">
      <Filter>Source Files</Filter>
    </ClCompile>
    <ClCompile Include="element\Shell3D.cpp">
      <Filter>Source Files</Filter>
    </ClCompile>
    <ClCompile Include="element\RectShell4Elastic.cpp">
      <Filter>Source Files</Filter>
    </ClCompile>
    <ClCompile Include="element\Spring3D.cpp">
      <Filter>Source Files</Filter>
    </ClCompile>
    <ClCompile Include="element\SpringBilinear3D.cpp">
      <Filter>Source Files</Filter>
    </ClCompile>
    <ClCompile Include="element\TrussElastic3D.cpp">
      <Filter>Source Files</Filter>
    </ClCompile>
    <ClCompile Include="element\Dashpot3D.cpp">
      <Filter>Source Files</Filter>
    </ClCompile>
    <ClCompile Include="element\Inerter3D.cpp">
      <Filter>Source Files</Filter>
    </ClCompile>
    <ClCompile Include="element\TVMD2D.cpp">
      <Filter>Source Files</Filter>
    </ClCompile>
    <ClCompile Include="element\TVMD3D.cpp">
      <Filter>Source Files</Filter>
    </ClCompile>
    <ClCompile Include="element\ROD1D.cpp">
      <Filter>Source Files</Filter>
    </ClCompile>
    <ClCompile Include="element\ROD2D.cpp">
      <Filter>Source Files</Filter>
    </ClCompile>
    <ClCompile Include="element\ROD3D.cpp">
      <Filter>Source Files</Filter>
    </ClCompile>
    <ClCompile Include="element\DashpotMaxwell3D.cpp">
      <Filter>Source Files</Filter>
    </ClCompile>
    <ClCompile Include="element\SpringNonlinear3D.cpp">
      <Filter>Source Files</Filter>
    </ClCompile>
    <ClCompile Include="Point.cpp">
      <Filter>Source Files</Filter>
    </ClCompile>
  </ItemGroup>
  <ItemGroup>
    <ClInclude Include="numeric.h">
      <Filter>Header Files</Filter>
    </ClInclude>
    <ClInclude Include="material\elastic.h">
      <Filter>Header Files</Filter>
    </ClInclude>
    <ClInclude Include="material\SMABilinear.h">
      <Filter>Header Files</Filter>
    </ClInclude>
    <ClInclude Include="element\dashpot.h">
      <Filter>Header Files</Filter>
    </ClInclude>
    <ClInclude Include="element\dashpotExp.h">
      <Filter>Header Files</Filter>
    </ClInclude>
    <ClInclude Include="element\inerter.h">
      <Filter>Header Files</Filter>
    </ClInclude>
    <ClInclude Include="element\spis2.h">
      <Filter>Header Files</Filter>
    </ClInclude>
    <ClInclude Include="element\spring2D.h">
      <Filter>Header Files</Filter>
    </ClInclude>
    <ClInclude Include="element\springBilinear.h">
      <Filter>Header Files</Filter>
    </ClInclude>
    <ClInclude Include="element\springBoucWen.h">
      <Filter>Header Files</Filter>
    </ClInclude>
    <ClInclude Include="element\springNonlinear.h">
      <Filter>Header Files</Filter>
    </ClInclude>
    <ClInclude Include="recorder\dofRecorder.h">
      <Filter>Header Files</Filter>
    </ClInclude>
    <ClInclude Include="recorder\elementRecorder.h">
      <Filter>Header Files</Filter>
    </ClInclude>
    <ClInclude Include="element\inerter2D.h">
      <Filter>Header Files</Filter>
    </ClInclude>
    <ClInclude Include="element\dashpot2D.h">
      <Filter>Header Files</Filter>
    </ClInclude>
    <ClInclude Include="plot.h">
      <Filter>Header Files</Filter>
    </ClInclude>
    <ClInclude Include="element\dashpotMaxwell.h">
      <Filter>Header Files</Filter>
    </ClInclude>
    <ClInclude Include="element\TVMD.h">
      <Filter>Header Files</Filter>
    </ClInclude>
    <ClInclude Include="element\dashpotExp2D.h">
      <Filter>Header Files</Filter>
    </ClInclude>
    <ClInclude Include="element\dashpotMaxwell2D.h">
      <Filter>Header Files</Filter>
    </ClInclude>
    <ClInclude Include="element\springBoucWen2D.h">
      <Filter>Header Files</Filter>
    </ClInclude>
    <ClInclude Include="RODS.h">
      <Filter>Header Files</Filter>
    </ClInclude>
    <ClInclude Include="Basis.h">
      <Filter>Header Files</Filter>
    </ClInclude>
    <ClInclude Include="DynamicSystem.h">
      <Filter>Header Files</Filter>
    </ClInclude>
    <ClInclude Include="element\Quad4Elastic.h">
      <Filter>Header Files</Filter>
    </ClInclude>
    <ClInclude Include="section\Fiber.h">
      <Filter>Header Files</Filter>
    </ClInclude>
    <ClInclude Include="element\Truss2D.h">
      <Filter>Header Files</Filter>
    </ClInclude>
    <ClInclude Include="section\SectionTruss.h">
      <Filter>Header Files</Filter>
    </ClInclude>
    <ClInclude Include="element\FrameElastic2D.h">
      <Filter>Header Files</Filter>
    </ClInclude>
    <ClInclude Include="section\SectionFrame2D.h">
      <Filter>Header Files</Filter>
    </ClInclude>
    <ClInclude Include="element\Frame2D.h">
      <Filter>Header Files</Filter>
    </ClInclude>
    <ClInclude Include="Load.h">
      <Filter>Header Files</Filter>
    </ClInclude>
    <ClInclude Include="element\FramePDelta2D.h">
      <Filter>Header Files</Filter>
    </ClInclude>
    <ClInclude Include="DOF.h">
      <Filter>Header Files</Filter>
    </ClInclude>
    <ClInclude Include="Node.h">
      <Filter>Header Files</Filter>
    </ClInclude>
    <ClInclude Include="element\Element.h">
      <Filter>Header Files</Filter>
    </ClInclude>
    <ClInclude Include="material\Material.h">
      <Filter>Header Files</Filter>
    </ClInclude>
    <ClInclude Include="section\Section.h">
      <Filter>Header Files</Filter>
    </ClInclude>
    <ClInclude Include="material\Material1D.h">
      <Filter>Header Files</Filter>
    </ClInclude>
    <ClInclude Include="material\Elastoplastic.h">
      <Filter>Header Files</Filter>
    </ClInclude>
    <ClInclude Include="recorder\Recorder.h">
      <Filter>Header Files</Filter>
    </ClInclude>
    <ClInclude Include="element\Slider.h">
      <Filter>Header Files</Filter>
    </ClInclude>
    <ClInclude Include="Line.h">
      <Filter>Header Files</Filter>
    </ClInclude>
    <ClInclude Include="element\Spring.h">
      <Filter>Header Files</Filter>
    </ClInclude>
    <ClInclude Include="element\TrussElastic2D.h">
      <Filter>Header Files</Filter>
    </ClInclude>
    <ClInclude Include="material\ConcreteTrilinear.h">
      <Filter>Header Files</Filter>
    </ClInclude>
    <ClInclude Include="material\SteelBilinear.h">
      <Filter>Header Files</Filter>
    </ClInclude>
    <ClInclude Include="Wave.h">
      <Filter>Header Files</Filter>
    </ClInclude>
    <ClInclude Include="element\SpringNonlinear2D.h">
      <Filter>Header Files</Filter>
    </ClInclude>
    <ClInclude Include="element\SpringBilinear2D.h">
      <Filter>Header Files</Filter>
    </ClInclude>
    <ClInclude Include="element\BeamElastic2D.h">
      <Filter>Header Files</Filter>
    </ClInclude>
    <ClInclude Include="element\Slider2D.h">
      <Filter>Header Files</Filter>
    </ClInclude>
    <ClInclude Include="material\CyclicHardenTrilinear.h">
      <Filter>Header Files</Filter>
    </ClInclude>
    <ClInclude Include="element\FrameElastic3D.h">
      <Filter>Header Files</Filter>
    </ClInclude>
    <ClInclude Include="element\Quad2D.h">
      <Filter>Header Files</Filter>
    </ClInclude>
    <ClInclude Include="element\Plane2D.h">
      <Filter>Header Files</Filter>
    </ClInclude>
    <ClInclude Include="element\Tri2D.h">
      <Filter>Header Files</Filter>
    </ClInclude>
    <ClInclude Include="element\Tri3Elastic.h">
      <Filter>Header Files</Filter>
    </ClInclude>
    <ClInclude Include="element\Rect4Elastic.h">
      <Filter>Header Files</Filter>
    </ClInclude>
    <ClInclude Include="element\Plate4Elastic.h">
      <Filter>Header Files</Filter>
    </ClInclude>
    <ClInclude Include="element\Shell3D.h">
      <Filter>Header Files</Filter>
    </ClInclude>
    <ClInclude Include="element\RectShell4Elastic.h">
      <Filter>Header Files</Filter>
    </ClInclude>
    <ClInclude Include="element\Spring3D.h">
      <Filter>Header Files</Filter>
    </ClInclude>
    <ClInclude Include="element\SpringBilinear3D.h">
      <Filter>Header Files</Filter>
    </ClInclude>
    <ClInclude Include="element\TrussElastic3D.h">
      <Filter>Header Files</Filter>
    </ClInclude>
    <ClInclude Include="element\Dashpot3D.h">
      <Filter>Header Files</Filter>
    </ClInclude>
    <ClInclude Include="element\Inerter3D.h">
      <Filter>Header Files</Filter>
    </ClInclude>
    <ClInclude Include="element\TVMD2D.h">
      <Filter>Header Files</Filter>
    </ClInclude>
    <ClInclude Include="element\TVMD3D.h">
      <Filter>Header Files</Filter>
    </ClInclude>
    <ClInclude Include="element\ROD1D.h">
      <Filter>Header Files</Filter>
    </ClInclude>
    <ClInclude Include="element\ROD2D.h">
      <Filter>Header Files</Filter>
    </ClInclude>
    <ClInclude Include="element\ROD3D.h">
      <Filter>Header Files</Filter>
    </ClInclude>
    <ClInclude Include="element\DashpotMaxwell3D.h">
      <Filter>Header Files</Filter>
    </ClInclude>
    <ClInclude Include="element\SpringNonlinear3D.h">
      <Filter>Header Files</Filter>
    </ClInclude>
    <ClInclude Include="Point.h">
      <Filter>Header Files</Filter>
    </ClInclude>
  </ItemGroup>
</Project>