<?xml version="1.0" encoding="utf-8"?>
<Project ToolsVersion="4.0" xmlns="http://schemas.microsoft.com/developer/msbuild/2003">
  <ItemGroup>
    <Filter Include="Source Files">
      <UniqueIdentifier>{4FC737F1-C7A5-4376-A066-2A32D752A2FF}</UniqueIdentifier>
      <Extensions>cpp;c;cc;cxx;def;odl;idl;hpj;bat;asm;asmx</Extensions>
    </Filter>
    <Filter Include="Header Files">
      <UniqueIdentifier>{93995380-89BD-4b04-88EB-625FBE52EBFB}</UniqueIdentifier>
      <Extensions>h;hh;hpp;hxx;hm;inl;inc;ipp;xsd</Extensions>
    </Filter>
  </ItemGroup>
  <ItemGroup>
    <ClCompile Include="dof.cpp">
      <Filter>Source Files</Filter>
    </ClCompile>
    <ClCompile Include="dsystem.cpp">
      <Filter>Source Files</Filter>
    </ClCompile>
    <ClCompile Include="timeseries.cpp">
      <Filter>Source Files</Filter>
    </ClCompile>
    <ClCompile Include="node.cpp">
      <Filter>Source Files</Filter>
    </ClCompile>
    <ClCompile Include="RODS.cpp">
      <Filter>Source Files</Filter>
    </ClCompile>
    <ClCompile Include="basis.cpp">
      <Filter>Source Files</Filter>
    </ClCompile>
    <ClCompile Include="line.cpp">
      <Filter>Source Files</Filter>
    </ClCompile>
    <ClCompile Include="material\concreteTrilinear.cpp">
      <Filter>Source Files</Filter>
    </ClCompile>
    <ClCompile Include="material\elastic.cpp">
      <Filter>Source Files</Filter>
    </ClCompile>
    <ClCompile Include="material\elastoplastic.cpp">
      <Filter>Source Files</Filter>
    </ClCompile>
    <ClCompile Include="material\material.cpp">
      <Filter>Source Files</Filter>
    </ClCompile>
    <ClCompile Include="material\material1D.cpp">
      <Filter>Source Files</Filter>
    </ClCompile>
    <ClCompile Include="material\SMABilinear.cpp">
      <Filter>Source Files</Filter>
    </ClCompile>
    <ClCompile Include="material\steelBilinear.cpp">
      <Filter>Source Files</Filter>
    </ClCompile>
    <ClCompile Include="element\beamElastic.cpp">
      <Filter>Source Files</Filter>
    </ClCompile>
    <ClCompile Include="element\dashpot.cpp">
      <Filter>Source Files</Filter>
    </ClCompile>
    <ClCompile Include="element\dashpotExp.cpp">
      <Filter>Source Files</Filter>
    </ClCompile>
    <ClCompile Include="element\element.cpp">
      <Filter>Source Files</Filter>
    </ClCompile>
    <ClCompile Include="element\element1D.cpp">
      <Filter>Source Files</Filter>
    </ClCompile>
    <ClCompile Include="element\element2D.cpp">
      <Filter>Source Files</Filter>
    </ClCompile>
    <ClCompile Include="element\frameElastic.cpp">
      <Filter>Source Files</Filter>
    </ClCompile>
    <ClCompile Include="element\inerter.cpp">
      <Filter>Source Files</Filter>
    </ClCompile>
    <ClCompile Include="element\slider.cpp">
      <Filter>Source Files</Filter>
    </ClCompile>
    <ClCompile Include="element\spis2.cpp">
      <Filter>Source Files</Filter>
    </ClCompile>
    <ClCompile Include="element\spring.cpp">
      <Filter>Source Files</Filter>
    </ClCompile>
    <ClCompile Include="element\spring2D.cpp">
      <Filter>Source Files</Filter>
    </ClCompile>
    <ClCompile Include="element\springBilinear.cpp">
      <Filter>Source Files</Filter>
    </ClCompile>
    <ClCompile Include="element\springBoucWen.cpp">
      <Filter>Source Files</Filter>
    </ClCompile>
    <ClCompile Include="element\springNonlinear.cpp">
      <Filter>Source Files</Filter>
    </ClCompile>
    <ClCompile Include="element\truss.cpp">
      <Filter>Source Files</Filter>
    </ClCompile>
    <ClCompile Include="element\trussElastic.cpp">
      <Filter>Source Files</Filter>
    </ClCompile>
    <ClCompile Include="recorder\dofRecorder.cpp">
      <Filter>Source Files</Filter>
    </ClCompile>
    <ClCompile Include="recorder\elementRecorder.cpp">
      <Filter>Source Files</Filter>
    </ClCompile>
    <ClCompile Include="recorder\recorder.cpp">
      <Filter>Source Files</Filter>
    </ClCompile>
    <ClCompile Include="section\section.cpp">
      <Filter>Source Files</Filter>
    </ClCompile>
    <ClCompile Include="section\sectionElasticBar.cpp">
      <Filter>Source Files</Filter>
    </ClCompile>
  </ItemGroup>
  <ItemGroup>
    <ClInclude Include="dof.h">
      <Filter>Header Files</Filter>
    </ClInclude>
    <ClInclude Include="dsystem.h">
      <Filter>Header Files</Filter>
    </ClInclude>
    <ClInclude Include="numeric.h">
      <Filter>Header Files</Filter>
    </ClInclude>
    <ClInclude Include="timeseries.h">
      <Filter>Header Files</Filter>
    </ClInclude>
    <ClInclude Include="node.h">
      <Filter>Header Files</Filter>
    </ClInclude>
    <ClInclude Include="basis.h">
      <Filter>Header Files</Filter>
    </ClInclude>
    <ClInclude Include="line.h">
      <Filter>Header Files</Filter>
    </ClInclude>
    <ClInclude Include="material\concreteTrilinear.h">
      <Filter>Header Files</Filter>
    </ClInclude>
    <ClInclude Include="material\elastic.h">
      <Filter>Header Files</Filter>
    </ClInclude>
    <ClInclude Include="material\elastoplastic.h">
      <Filter>Header Files</Filter>
    </ClInclude>
    <ClInclude Include="material\material.h">
      <Filter>Header Files</Filter>
    </ClInclude>
    <ClInclude Include="material\material1D.h">
      <Filter>Header Files</Filter>
    </ClInclude>
    <ClInclude Include="material\SMABilinear.h">
      <Filter>Header Files</Filter>
    </ClInclude>
    <ClInclude Include="material\steelBilinear.h">
      <Filter>Header Files</Filter>
    </ClInclude>
    <ClInclude Include="element\beamElastic.h">
      <Filter>Header Files</Filter>
    </ClInclude>
    <ClInclude Include="element\dashpot.h">
      <Filter>Header Files</Filter>
    </ClInclude>
    <ClInclude Include="element\dashpotExp.h">
      <Filter>Header Files</Filter>
    </ClInclude>
    <ClInclude Include="element\element.h">
      <Filter>Header Files</Filter>
    </ClInclude>
    <ClInclude Include="element\element1D.h">
      <Filter>Header Files</Filter>
    </ClInclude>
    <ClInclude Include="element\element2D.h">
      <Filter>Header Files</Filter>
    </ClInclude>
    <ClInclude Include="element\frameElastic.h">
      <Filter>Header Files</Filter>
    </ClInclude>
    <ClInclude Include="element\inerter.h">
      <Filter>Header Files</Filter>
    </ClInclude>
    <ClInclude Include="element\slider.h">
      <Filter>Header Files</Filter>
    </ClInclude>
    <ClInclude Include="element\spis2.h">
      <Filter>Header Files</Filter>
    </ClInclude>
    <ClInclude Include="element\spring.h">
      <Filter>Header Files</Filter>
    </ClInclude>
    <ClInclude Include="element\spring2D.h">
      <Filter>Header Files</Filter>
    </ClInclude>
    <ClInclude Include="element\springBilinear.h">
      <Filter>Header Files</Filter>
    </ClInclude>
    <ClInclude Include="element\springBoucWen.h">
      <Filter>Header Files</Filter>
    </ClInclude>
    <ClInclude Include="element\springNonlinear.h">
      <Filter>Header Files</Filter>
    </ClInclude>
    <ClInclude Include="element\truss.h">
      <Filter>Header Files</Filter>
    </ClInclude>
    <ClInclude Include="element\trussElastic.h">
      <Filter>Header Files</Filter>
    </ClInclude>
    <ClInclude Include="recorder\dofRecorder.h">
      <Filter>Header Files</Filter>
    </ClInclude>
    <ClInclude Include="recorder\elementRecorder.h">
      <Filter>Header Files</Filter>
    </ClInclude>
    <ClInclude Include="recorder\recorder.h">
      <Filter>Header Files</Filter>
    </ClInclude>
    <ClInclude Include="section\section.h">
      <Filter>Header Files</Filter>
    </ClInclude>
    <ClInclude Include="section\sectionElasticBar.h">
      <Filter>Header Files</Filter>
    </ClInclude>
  </ItemGroup>
</Project>